
Microsoft Visual Studio Solution File, Format Version 12.00
# Visual Studio 2012
Project("{FAE04EC0-301F-11D3-BF4B-00C04F79EFBC}") = "PlannerLib", "Planner\PlannerLib.csproj", "{E8328614-33B2-4274-A011-E11917D9D894}"
EndProject
Project("{FAE04EC0-301F-11D3-BF4B-00C04F79EFBC}") = "PlannerLibUnitTests", "PlannerTests\PlannerLibUnitTests.csproj", "{C3BF5256-EE9F-4E0C-B6B4-AB876E666CD4}"
EndProject
Project("{FAE04EC0-301F-11D3-BF4B-00C04F79EFBC}") = "PlannerLibDebug", "PlannerDeebugTests\PlannerLibDebug.csproj", "{3114B7A2-F869-4111-8FBD-181D82DE887C}"
EndProject
Global
	GlobalSection(SolutionConfigurationPlatforms) = preSolution
		Debug|Any CPU = Debug|Any CPU
		Release|Any CPU = Release|Any CPU
	EndGlobalSection
	GlobalSection(ProjectConfigurationPlatforms) = postSolution
		{E8328614-33B2-4274-A011-E11917D9D894}.Debug|Any CPU.ActiveCfg = Debug|Any CPU
		{E8328614-33B2-4274-A011-E11917D9D894}.Debug|Any CPU.Build.0 = Debug|Any CPU
		{E8328614-33B2-4274-A011-E11917D9D894}.Release|Any CPU.ActiveCfg = Release|Any CPU
		{E8328614-33B2-4274-A011-E11917D9D894}.Release|Any CPU.Build.0 = Release|Any CPU
		{C3BF5256-EE9F-4E0C-B6B4-AB876E666CD4}.Debug|Any CPU.ActiveCfg = Debug|Any CPU
		{C3BF5256-EE9F-4E0C-B6B4-AB876E666CD4}.Debug|Any CPU.Build.0 = Debug|Any CPU
		{C3BF5256-EE9F-4E0C-B6B4-AB876E666CD4}.Release|Any CPU.ActiveCfg = Release|Any CPU
		{C3BF5256-EE9F-4E0C-B6B4-AB876E666CD4}.Release|Any CPU.Build.0 = Release|Any CPU
		{3114B7A2-F869-4111-8FBD-181D82DE887C}.Debug|Any CPU.ActiveCfg = Debug|Any CPU
		{3114B7A2-F869-4111-8FBD-181D82DE887C}.Debug|Any CPU.Build.0 = Debug|Any CPU
		{3114B7A2-F869-4111-8FBD-181D82DE887C}.Release|Any CPU.ActiveCfg = Release|Any CPU
		{3114B7A2-F869-4111-8FBD-181D82DE887C}.Release|Any CPU.Build.0 = Release|Any CPU
	EndGlobalSection
	GlobalSection(SolutionProperties) = preSolution
		HideSolutionNode = FALSE
	EndGlobalSection
EndGlobal
